
Microsoft Visual Studio Solution File, Format Version 12.00
# Visual Studio 15
VisualStudioVersion = 15.0.28010.0
MinimumVisualStudioVersion = 10.0.40219.1
Project("{9A19103F-16F7-4668-BE54-9A1E7A4F7556}") = "SimpleCms", "SimpleCMS\SimpleCms.csproj", "{0CC3F5E6-A222-4CE1-9B2C-8B9257187F29}"
EndProject
Project("{9A19103F-16F7-4668-BE54-9A1E7A4F7556}") = "DataDomain", "DataDomain\DataDomain.csproj", "{621D48FC-2F64-482F-8A03-D724AA6F42D0}"
EndProject
Project("{9A19103F-16F7-4668-BE54-9A1E7A4F7556}") = "DataLogic", "DataLogic\DataLogic.csproj", "{A249924D-FFDE-477D-B8BC-AADFAA5A51CD}"
EndProject
Global
	GlobalSection(SolutionConfigurationPlatforms) = preSolution
		Debug|Any CPU = Debug|Any CPU
		Release|Any CPU = Release|Any CPU
	EndGlobalSection
	GlobalSection(ProjectConfigurationPlatforms) = postSolution
		{0CC3F5E6-A222-4CE1-9B2C-8B9257187F29}.Debug|Any CPU.ActiveCfg = Debug|Any CPU
		{0CC3F5E6-A222-4CE1-9B2C-8B9257187F29}.Debug|Any CPU.Build.0 = Debug|Any CPU
		{0CC3F5E6-A222-4CE1-9B2C-8B9257187F29}.Release|Any CPU.ActiveCfg = Release|Any CPU
		{0CC3F5E6-A222-4CE1-9B2C-8B9257187F29}.Release|Any CPU.Build.0 = Release|Any CPU
		{621D48FC-2F64-482F-8A03-D724AA6F42D0}.Debug|Any CPU.ActiveCfg = Debug|Any CPU
		{621D48FC-2F64-482F-8A03-D724AA6F42D0}.Debug|Any CPU.Build.0 = Debug|Any CPU
		{621D48FC-2F64-482F-8A03-D724AA6F42D0}.Release|Any CPU.ActiveCfg = Release|Any CPU
		{621D48FC-2F64-482F-8A03-D724AA6F42D0}.Release|Any CPU.Build.0 = Release|Any CPU
		{A249924D-FFDE-477D-B8BC-AADFAA5A51CD}.Debug|Any CPU.ActiveCfg = Debug|Any CPU
		{A249924D-FFDE-477D-B8BC-AADFAA5A51CD}.Debug|Any CPU.Build.0 = Debug|Any CPU
		{A249924D-FFDE-477D-B8BC-AADFAA5A51CD}.Release|Any CPU.ActiveCfg = Release|Any CPU
		{A249924D-FFDE-477D-B8BC-AADFAA5A51CD}.Release|Any CPU.Build.0 = Release|Any CPU
	EndGlobalSection
	GlobalSection(SolutionProperties) = preSolution
		HideSolutionNode = FALSE
	EndGlobalSection
	GlobalSection(ExtensibilityGlobals) = postSolution
		SolutionGuid = {17B25D68-8CA7-45A6-871B-9E8567CFA144}
	EndGlobalSection
EndGlobal
